
Microsoft Visual Studio Solution File, Format Version 12.00
# Visual Studio 15
Project("{FAE04EC0-301F-11D3-BF4B-00C04F79EFBC}") = "Room", "Room.csproj", "{48FD64CD-5EDD-3323-6C16-00373B6044E4}"
EndProject
Global
	GlobalSection(SolutionConfigurationPlatforms) = preSolution
		Debug|Any CPU = Debug|Any CPU
		Release|Any CPU = Release|Any CPU
	EndGlobalSection
	GlobalSection(ProjectConfigurationPlatforms) = postSolution
		{48FD64CD-5EDD-3323-6C16-00373B6044E4}.Debug|Any CPU.ActiveCfg = Debug|Any CPU
		{48FD64CD-5EDD-3323-6C16-00373B6044E4}.Debug|Any CPU.Build.0 = Debug|Any CPU
		{48FD64CD-5EDD-3323-6C16-00373B6044E4}.Release|Any CPU.ActiveCfg = Release|Any CPU
		{48FD64CD-5EDD-3323-6C16-00373B6044E4}.Release|Any CPU.Build.0 = Release|Any CPU
	EndGlobalSection
	GlobalSection(SolutionProperties) = preSolution
		HideSolutionNode = FALSE
	EndGlobalSection
EndGlobal
